<Solution>
  <Project Path="AsteCore.EF/AsteCore.EF.csproj">
    <BuildType Project="Release" />
  </Project>
  <Project Path="AsteCore.MVVM/AsteCore.MVVM.csproj">
    <BuildType Project="Release" />
  </Project>
  <Project Path="AsteCore/AsteCore.csproj">
    <BuildType Project="Release" />
  </Project>
</Solution>
